
Microsoft Visual Studio Solution File, Format Version 12.00
# Visual Studio Version 16
VisualStudioVersion = 16.0.32228.343
MinimumVisualStudioVersion = 10.0.40219.1
Project("{9A19103F-16F7-4668-BE54-9A1E7A4F7556}") = "WebApiCliente", "WebApiCliente.csproj", "{BAA2681F-5433-495D-81F4-A4A80ECDE28D}"
EndProject
Global
	GlobalSection(SolutionConfigurationPlatforms) = preSolution
		Debug|Any CPU = Debug|Any CPU
		Release|Any CPU = Release|Any CPU
	EndGlobalSection
	GlobalSection(ProjectConfigurationPlatforms) = postSolution
		{BAA2681F-5433-495D-81F4-A4A80ECDE28D}.Debug|Any CPU.ActiveCfg = Debug|Any CPU
		{BAA2681F-5433-495D-81F4-A4A80ECDE28D}.Debug|Any CPU.Build.0 = Debug|Any CPU
		{BAA2681F-5433-495D-81F4-A4A80ECDE28D}.Release|Any CPU.ActiveCfg = Release|Any CPU
		{BAA2681F-5433-495D-81F4-A4A80ECDE28D}.Release|Any CPU.Build.0 = Release|Any CPU
	EndGlobalSection
	GlobalSection(SolutionProperties) = preSolution
		HideSolutionNode = FALSE
	EndGlobalSection
	GlobalSection(ExtensibilityGlobals) = postSolution
		SolutionGuid = {7F8B9EE3-2201-486F-8489-3FDA5A878658}
	EndGlobalSection
EndGlobal
